# This file is automatically @generated by Cargo.
# It is not intended for manual editing.
version = 4

[[package]]
name = "featherserve"
version = "0.1.0"
dependencies = [
 "pool",
]

[[package]]
name = "pool"
version = "0.1.0"

[[package]]
name = "portfolio"
version = "0.1.0"
dependencies = [
 "featherserve",
]
